// !$*UTF8*$!
{
	archiveVersion = 1;
	classes = {
	};
	objectVersion = 46;
	objects = {

/* Begin PBXBuildFile section */
		55D6AD7B1EB1597E00D51A2E /* Investment Account.cpp in Sources */ = {isa = PBXBuildFile; fileRef = 55D6AD791EB1597E00D51A2E /* Investment Account.cpp */; };
		55FD9FA81EA8055C00AB91C6 /* main.cpp in Sources */ = {isa = PBXBuildFile; fileRef = 55FD9FA71EA8055C00AB91C6 /* main.cpp */; };
		55FD9FB01EA8147400AB91C6 /* Account.cpp in Sources */ = {isa = PBXBuildFile; fileRef = 55FD9FAE1EA8147400AB91C6 /* Account.cpp */; };
/* End PBXBuildFile section */

/* Begin PBXCopyFilesBuildPhase section */
		55FD9FA21EA8055B00AB91C6 /* CopyFiles */ = {
			isa = PBXCopyFilesBuildPhase;
			buildActionMask = 2147483647;
			dstPath = /usr/share/man/man1/;
			dstSubfolderSpec = 0;
			files = (
			);
			runOnlyForDeploymentPostprocessing = 1;
		};
/* End PBXCopyFilesBuildPhase section */

/* Begin PBXFileReference section */
		55D6AD791EB1597E00D51A2E /* Investment Account.cpp */ = {isa = PBXFileReference; fileEncoding = 4; lastKnownFileType = sourcecode.cpp.cpp; path = "Investment Account.cpp"; sourceTree = "<group>"; };
		55D6AD7A1EB1597E00D51A2E /* Investment Account.hpp */ = {isa = PBXFileReference; fileEncoding = 4; lastKnownFileType = sourcecode.cpp.h; path = "Investment Account.hpp"; sourceTree = "<group>"; };
		55FD9FA41EA8055C00AB91C6 /* homeworkcreation */ = {isa = PBXFileReference; explicitFileType = "compiled.mach-o.executable"; includeInIndex = 0; path = homeworkcreation; sourceTree = BUILT_PRODUCTS_DIR; };
		55FD9FA71EA8055C00AB91C6 /* main.cpp */ = {isa = PBXFileReference; lastKnownFileType = sourcecode.cpp.cpp; path = main.cpp; sourceTree = "<group>"; };
		55FD9FAE1EA8147400AB91C6 /* Account.cpp */ = {isa = PBXFileReference; fileEncoding = 4; lastKnownFileType = sourcecode.cpp.cpp; path = Account.cpp; sourceTree = "<group>"; };
		55FD9FAF1EA8147400AB91C6 /* Account.hpp */ = {isa = PBXFileReference; fileEncoding = 4; lastKnownFileType = sourcecode.cpp.h; path = Account.hpp; sourceTree = "<group>"; };
/* End PBXFileReference section */

/* Begin PBXFrameworksBuildPhase section */
		55FD9FA11EA8055B00AB91C6 /* Frameworks */ = {
			isa = PBXFrameworksBuildPhase;
			buildActionMask = 2147483647;
			files = (
			);
			runOnlyForDeploymentPostprocessing = 0;
		};
/* End PBXFrameworksBuildPhase section */

/* Begin PBXGroup section */
		55FD9F9B1EA8055B00AB91C6 = {
			isa = PBXGroup;
			children = (
				55FD9FA61EA8055C00AB91C6 /* homeworkcreation */,
				55FD9FA51EA8055C00AB91C6 /* Products */,
			);
			sourceTree = "<group>";
		};
		55FD9FA51EA8055C00AB91C6 /* Products */ = {
			isa = PBXGroup;
			children = (
				55FD9FA41EA8055C00AB91C6 /* homeworkcreation */,
			);
			name = Products;
			sourceTree = "<group>";
		};
		55FD9FA61EA8055C00AB91C6 /* homeworkcreation */ = {
			isa = PBXGroup;
			children = (
				55FD9FA71EA8055C00AB91C6 /* main.cpp */,
				55FD9FAE1EA8147400AB91C6 /* Account.cpp */,
				55FD9FAF1EA8147400AB91C6 /* Account.hpp */,
				55D6AD791EB1597E00D51A2E /* Investment Account.cpp */,
				55D6AD7A1EB1597E00D51A2E /* Investment Account.hpp */,
			);
			path = homeworkcreation;
			sourceTree = "<group>";
		};
/* End PBXGroup section */

/* Begin PBXNativeTarget section */
		55FD9FA31EA8055B00AB91C6 /* homeworkcreation */ = {
			isa = PBXNativeTarget;
			buildConfigurationList = 55FD9FAB1EA8055C00AB91C6 /* Build configuration list for PBXNativeTarget "homeworkcreation" */;
			buildPhases = (
				55FD9FA01EA8055B00AB91C6 /* Sources */,
				55FD9FA11EA8055B00AB91C6 /* Frameworks */,
				55FD9FA21EA8055B00AB91C6 /* CopyFiles */,
			);
			buildRules = (
			);
			dependencies = (
			);
			name = homeworkcreation;
			productName = homeworkcreation;
			productReference = 55FD9FA41EA8055C00AB91C6 /* homeworkcreation */;
			productType = "com.apple.product-type.tool";
		};
/* End PBXNativeTarget section */

/* Begin PBXProject section */
		55FD9F9C1EA8055B00AB91C6 /* Project object */ = {
			isa = PBXProject;
			attributes = {
				LastUpgradeCheck = 0810;
				ORGANIZATIONNAME = "Breno Sallouti";
				TargetAttributes = {
					55FD9FA31EA8055B00AB91C6 = {
						CreatedOnToolsVersion = 8.1;
						ProvisioningStyle = Automatic;
					};
				};
			};
			buildConfigurationList = 55FD9F9F1EA8055B00AB91C6 /* Build configuration list for PBXProject "homeworkcreation" */;
			compatibilityVersion = "Xcode 3.2";
			developmentRegion = English;
			hasScannedForEncodings = 0;
			knownRegions = (
				en,
			);
			mainGroup = 55FD9F9B1EA8055B00AB91C6;
			productRefGroup = 55FD9FA51EA8055C00AB91C6 /* Products */;
			projectDirPath = "";
			projectRoot = "";
			targets = (
				55FD9FA31EA8055B00AB91C6 /* homeworkcreation */,
			);
		};
/* End PBXProject section */

/* Begin PBXSourcesBuildPhase section */
		55FD9FA01EA8055B00AB91C6 /* Sources */ = {
			isa = PBXSourcesBuildPhase;
			buildActionMask = 2147483647;
			files = (
				55D6AD7B1EB1597E00D51A2E /* Investment Account.cpp in Sources */,
				55FD9FA81EA8055C00AB91C6 /* main.cpp in Sources */,
				55FD9FB01EA8147400AB91C6 /* Account.cpp in Sources */,
			);
			runOnlyForDeploymentPostprocessing = 0;
		};
/* End PBXSourcesBuildPhase section */

/* Begin XCBuildConfiguration section */
		55FD9FA91EA8055C00AB91C6 /* Debug */ = {
			isa = XCBuildConfiguration;
			buildSettings = {
				ALWAYS_SEARCH_USER_PATHS = NO;
				CLANG_ANALYZER_NONNULL = YES;
				CLANG_CXX_LANGUAGE_STANDARD = "gnu++0x";
				CLANG_CXX_LIBRARY = "libc++";
				CLANG_ENABLE_MODULES = YES;
				CLANG_ENABLE_OBJC_ARC = YES;
				CLANG_WARN_BOOL_CONVERSION = YES;
				CLANG_WARN_CONSTANT_CONVERSION = YES;
				CLANG_WARN_DIRECT_OBJC_ISA_USAGE = YES_ERROR;
				CLANG_WARN_DOCUMENTATION_COMMENTS = YES;
				CLANG_WARN_EMPTY_BODY = YES;
				CLANG_WARN_ENUM_CONVERSION = YES;
				CLANG_WARN_INFINITE_RECURSION = YES;
				CLANG_WARN_INT_CONVERSION = YES;
				CLANG_WARN_OBJC_ROOT_CLASS = YES_ERROR;
				CLANG_WARN_SUSPICIOUS_MOVES = YES;
				CLANG_WARN_UNREACHABLE_CODE = YES;
				CLANG_WARN__DUPLICATE_METHOD_MATCH = YES;
				CODE_SIGN_IDENTITY = "-";
				COPY_PHASE_STRIP = NO;
				DEBUG_INFORMATION_FORMAT = dwarf;
				ENABLE_STRICT_OBJC_MSGSEND = YES;
				ENABLE_TESTABILITY = YES;
				GCC_C_LANGUAGE_STANDARD = gnu99;
				GCC_DYNAMIC_NO_PIC = NO;
				GCC_NO_COMMON_BLOCKS = YES;
				GCC_OPTIMIZATION_LEVEL = 0;
				GCC_PREPROCESSOR_DEFINITIONS = (
					"DEBUG=1",
					"$(inherited)",
				);
				GCC_WARN_64_TO_32_BIT_CONVERSION = YES;
				GCC_WARN_ABOUT_RETURN_TYPE = YES_ERROR;
				GCC_WARN_UNDECLARED_SELECTOR = YES;
				GCC_WARN_UNINITIALIZED_AUTOS = YES_AGGRESSIVE;
				GCC_WARN_UNUSED_FUNCTION = YES;
				GCC_WARN_UNUSED_VARIABLE = YES;
				MACOSX_DEPLOYMENT_TARGET = 10.12;
				MTL_ENABLE_DEBUG_INFO = YES;
				ONLY_ACTIVE_ARCH = YES;
				SDKROOT = macosx;
			};
			name = Debug;
		};
		55FD9FAA1EA8055C00AB91C6 /* Release */ = {
			isa = XCBuildConfiguration;
			buildSettings = {
				ALWAYS_SEARCH_USER_PATHS = NO;
				CLANG_ANALYZER_NONNULL = YES;
				CLANG_CXX_LANGUAGE_STANDARD = "gnu++0x";
				CLANG_CXX_LIBRARY = "libc++";
				CLANG_ENABLE_MODULES = YES;
				CLANG_ENABLE_OBJC_ARC = YES;
				CLANG_WARN_BOOL_CONVERSION = YES;
				CLANG_WARN_CONSTANT_CONVERSION = YES;
				CLANG_WARN_DIRECT_OBJC_ISA_USAGE = YES_ERROR;
				CLANG_WARN_DOCUMENTATION_COMMENTS = YES;
				CLANG_WARN_EMPTY_BODY = YES;
				CLANG_WARN_ENUM_CONVERSION = YES;
				CLANG_WARN_INFINITE_RECURSION = YES;
				CLANG_WARN_INT_CONVERSION = YES;
				CLANG_WARN_OBJC_ROOT_CLASS = YES_ERROR;
				CLANG_WARN_SUSPICIOUS_MOVES = YES;
				CLANG_WARN_UNREACHABLE_CODE = YES;
				CLANG_WARN__DUPLICATE_METHOD_MATCH = YES;
				CODE_SIGN_IDENTITY = "-";
				COPY_PHASE_STRIP = NO;
				DEBUG_INFORMATION_FORMAT = "dwarf-with-dsym";
				ENABLE_NS_ASSERTIONS = NO;
				ENABLE_STRICT_OBJC_MSGSEND = YES;
				GCC_C_LANGUAGE_STANDARD = gnu99;
				GCC_NO_COMMON_BLOCKS = YES;
				GCC_WARN_64_TO_32_BIT_CONVERSION = YES;
				GCC_WARN_ABOUT_RETURN_TYPE = YES_ERROR;
				GCC_WARN_UNDECLARED_SELECTOR = YES;
				GCC_WARN_UNINITIALIZED_AUTOS = YES_AGGRESSIVE;
				GCC_WARN_UNUSED_FUNCTION = YES;
				GCC_WARN_UNUSED_VARIABLE = YES;
				MACOSX_DEPLOYMENT_TARGET = 10.12;
				MTL_ENABLE_DEBUG_INFO = NO;
				SDKROOT = macosx;
			};
			name = Release;
		};
		55FD9FAC1EA8055C00AB91C6 /* Debug */ = {
			isa = XCBuildConfiguration;
			buildSettings = {
				PRODUCT_NAME = "$(TARGET_NAME)";
			};
			name = Debug;
		};
		55FD9FAD1EA8055C00AB91C6 /* Release */ = {
			isa = XCBuildConfiguration;
			buildSettings = {
				PRODUCT_NAME = "$(TARGET_NAME)";
			};
			name = Release;
		};
/* End XCBuildConfiguration section */

/* Begin XCConfigurationList section */
		55FD9F9F1EA8055B00AB91C6 /* Build configuration list for PBXProject "homeworkcreation" */ = {
			isa = XCConfigurationList;
			buildConfigurations = (
				55FD9FA91EA8055C00AB91C6 /* Debug */,
				55FD9FAA1EA8055C00AB91C6 /* Release */,
			);
			defaultConfigurationIsVisible = 0;
			defaultConfigurationName = Release;
		};
		55FD9FAB1EA8055C00AB91C6 /* Build configuration list for PBXNativeTarget "homeworkcreation" */ = {
			isa = XCConfigurationList;
			buildConfigurations = (
				55FD9FAC1EA8055C00AB91C6 /* Debug */,
				55FD9FAD1EA8055C00AB91C6 /* Release */,
			);
			defaultConfigurationIsVisible = 0;
			defaultConfigurationName = Release;
		};
/* End XCConfigurationList section */
	};
	rootObject = 55FD9F9C1EA8055B00AB91C6 /* Project object */;
}
